{
    "name": "my-website",
    "version": "1.0.0",
    "lockfileVersion": 2,
    "dependencies": {
      "express": {
        "version": "4.17.1",
        "resolved": "https://registry.npmjs.org/express/-/express-4.17.1.tgz",
        "integrity": "sha512-K1U7j8C76MlyklkPHgd2wqsd9Uo3NOxdAPfzj2rmWizcvRNOqXhZD7lUM+OP8Dmb6fQ9axCmb00GJ99nZ+7/pA==",
        "dev": false,
        "engines": {
          "node": ">= 0.6.0"
        }
      },
      "finalhandler": {
        "version": "1.1.2",
        "resolved": "https://registry.npmjs.org/finalhandler/-/finalhandler-1.1.2.tgz",
        "integrity": "sha512-rkYmPb7y2HOorWV5r3vTj6ZqxIk3u5Lgax0uNNeIzgHgDW9a9BBQZ9I4UN8L1Hdx9OzxwFdN8E/whXr6ah9x9A==",
        "dev": false
      },
      "ms": {
        "version": "2.1.2",
        "resolved": "https://registry.npmjs.org/ms/-/ms-2.1.2.tgz",
        "integrity": "sha1-kHIp8/OoqnkFEg2QEGgV2QW7VsM=",
        "dev": false
      },
      "path-to-regexp": {
        "version": "0.1.7",
        "resolved": "https://registry.npmjs.org/path-to-regexp/-/path-to-regexp-0.1.7.tgz",
        "integrity": "sha1-BdI2n7RhJyzbIWemEjOlHlbEbbI=",
        "dev": false
      },
      "safe-buffer": {
        "version": "5.2.1",
        "resolved": "https://registry.npmjs.org/safe-buffer/-/safe-buffer-5.2.1.tgz",
        "integrity": "sha512-g9+4e51Hbq/dYdi82c3ChY0bXLQt5KTrv3rOlD/tOtwZ5gl5OrdoOIlk5z6T7HqIwe/KYslPZ1c7Xj5vBG+KkA==",
        "dev": false
      }
    }
  }
  